
Microsoft Visual Studio Solution File, Format Version 12.00
# Visual Studio 15
VisualStudioVersion = 15.0.28307.329
MinimumVisualStudioVersion = 10.0.40219.1
Project("{FAE04EC0-301F-11D3-BF4B-00C04F79EFBC}") = "CStechAssignment", "CStechAssignment\CStechAssignment.csproj", "{DFEA883A-F324-44B0-8EA3-EC1C80E4CFB1}"
EndProject
Global
	GlobalSection(SolutionConfigurationPlatforms) = preSolution
		Debug|Any CPU = Debug|Any CPU
		Release|Any CPU = Release|Any CPU
	EndGlobalSection
	GlobalSection(ProjectConfigurationPlatforms) = postSolution
		{DFEA883A-F324-44B0-8EA3-EC1C80E4CFB1}.Debug|Any CPU.ActiveCfg = Debug|Any CPU
		{DFEA883A-F324-44B0-8EA3-EC1C80E4CFB1}.Debug|Any CPU.Build.0 = Debug|Any CPU
		{DFEA883A-F324-44B0-8EA3-EC1C80E4CFB1}.Release|Any CPU.ActiveCfg = Release|Any CPU
		{DFEA883A-F324-44B0-8EA3-EC1C80E4CFB1}.Release|Any CPU.Build.0 = Release|Any CPU
	EndGlobalSection
	GlobalSection(SolutionProperties) = preSolution
		HideSolutionNode = FALSE
	EndGlobalSection
	GlobalSection(ExtensibilityGlobals) = postSolution
		SolutionGuid = {010E25EB-FD1A-4D3B-B972-1AA804FA6435}
	EndGlobalSection
EndGlobal
